{
  "version": 4,
  "terraform_version": "1.9.7",
  "serial": 44,
  "lineage": "b66a479d-e065-5c5f-9132-6b705b045638",
  "outputs": {},
  "resources": [
    {
      "mode": "managed",
      "type": "sonarqube_project",
      "name": "my_project",
      "provider": "provider[\"registry.terraform.io/jdamata/sonarqube\"]",
      "instances": [
        {
          "schema_version": 0,
          "attributes": {
            "id": "automate",
            "name": "automation",
            "project": "automate",
            "setting": [],
            "tags": null,
            "visibility": "public"
          },
          "sensitive_attributes": [],
          "private": "bnVsbA=="
        }
      ]
    },
    {
      "mode": "managed",
      "type": "sonarqube_qualitygate",
      "name": "main",
      "provider": "provider[\"registry.terraform.io/jdamata/sonarqube\"]",
      "instances": [
        {
          "schema_version": 0,
          "attributes": {
            "condition": [
              {
                "id": "0a1457bd-6bcb-48db-a485-b92267e43964",
                "metric": "new_coverage",
                "op": "LT",
                "threshold": "30"
              }
            ],
            "copy_from": null,
            "id": "test_qualitygate",
            "is_default": false,
            "name": "test_qualitygate"
          },
          "sensitive_attributes": [],
          "private": "bnVsbA=="
        }
      ]
    },
    {
      "mode": "managed",
      "type": "sonarqube_qualitygate_project_association",
      "name": "main",
      "provider": "provider[\"registry.terraform.io/jdamata/sonarqube\"]",
      "instances": [
        {
          "schema_version": 0,
          "attributes": {
            "gateid": null,
            "gatename": "test_qualitygate",
            "id": "test_qualitygate/automate",
            "projectkey": "automate"
          },
          "sensitive_attributes": [],
          "private": "bnVsbA==",
          "dependencies": [
            "sonarqube_project.my_project",
            "sonarqube_qualitygate.main"
          ]
        }
      ]
    }
  ],
  "check_results": null
}
